
Microsoft Visual Studio Solution File, Format Version 12.00
# Visual Studio 15
VisualStudioVersion = 15.0.27703.2035
MinimumVisualStudioVersion = 10.0.40219.1
Project("{FAE04EC0-301F-11D3-BF4B-00C04F79EFBC}") = "PigeonVsRatsVsZombie", "PigeonVsRatsVsZombie.csproj", "{18E0A899-8357-484C-A6AE-184743EF14CC}"
EndProject
Global
	GlobalSection(SolutionConfigurationPlatforms) = preSolution
		Debug|Any CPU = Debug|Any CPU
		Release|Any CPU = Release|Any CPU
	EndGlobalSection
	GlobalSection(ProjectConfigurationPlatforms) = postSolution
		{18E0A899-8357-484C-A6AE-184743EF14CC}.Debug|Any CPU.ActiveCfg = Debug|Any CPU
		{18E0A899-8357-484C-A6AE-184743EF14CC}.Debug|Any CPU.Build.0 = Debug|Any CPU
		{18E0A899-8357-484C-A6AE-184743EF14CC}.Release|Any CPU.ActiveCfg = Release|Any CPU
		{18E0A899-8357-484C-A6AE-184743EF14CC}.Release|Any CPU.Build.0 = Release|Any CPU
	EndGlobalSection
	GlobalSection(SolutionProperties) = preSolution
		HideSolutionNode = FALSE
	EndGlobalSection
	GlobalSection(ExtensibilityGlobals) = postSolution
		SolutionGuid = {D639158A-4783-4071-8EEB-BB17E973F932}
	EndGlobalSection
EndGlobal
